<?xml version="1.0" encoding="utf-8"?>
<Project ToolsVersion="4.0" xmlns="http://schemas.microsoft.com/developer/msbuild/2003">
  <ItemGroup>
    <Filter Include="Source Files">
      <UniqueIdentifier>{4FC737F1-C7A5-4376-A066-2A32D752A2FF}</UniqueIdentifier>
      <Extensions>cpp;c;cc;cxx;def;odl;idl;hpj;bat;asm;asmx</Extensions>
    </Filter>
    <Filter Include="Header Files">
      <UniqueIdentifier>{93995380-89BD-4b04-88EB-625FBE52EBFB}</UniqueIdentifier>
      <Extensions>h;hh;hpp;hxx;hm;inl;inc;xsd</Extensions>
    </Filter>
    <Filter Include="Source Files\rico">
      <UniqueIdentifier>{5e53a95f-f769-4351-a672-7ce7bf3cf241}</UniqueIdentifier>
    </Filter>
    <Filter Include="Source Files\3rdparty">
      <UniqueIdentifier>{9da43f7a-1f40-4702-a6b1-121a95d25e98}</UniqueIdentifier>
    </Filter>
    <Filter Include="Header Files\rico">
      <UniqueIdentifier>{ddc16885-7711-4b4f-a49b-59c466ecebc8}</UniqueIdentifier>
    </Filter>
    <Filter Include="_Misc">
      <UniqueIdentifier>{f14e08dd-76b1-4d61-baa9-03b05329a2d4}</UniqueIdentifier>
    </Filter>
  </ItemGroup>
  <ItemGroup>
    <ClInclude Include="include\bbox.h">
      <Filter>Header Files\rico</Filter>
    </ClInclude>
    <ClInclude Include="include\camera.h">
      <Filter>Header Files\rico</Filter>
    </ClInclude>
    <ClInclude Include="include\const.h">
      <Filter>Header Files\rico</Filter>
    </ClInclude>
    <ClInclude Include="include\geom.h">
      <Filter>Header Files\rico</Filter>
    </ClInclude>
    <ClInclude Include="include\glref.h">
      <Filter>Header Files\rico</Filter>
    </ClInclude>
    <ClInclude Include="include\load_object.h">
      <Filter>Header Files\rico</Filter>
    </ClInclude>
    <ClInclude Include="include\primitives.h">
      <Filter>Header Files\rico</Filter>
    </ClInclude>
    <ClInclude Include="include\program.h">
      <Filter>Header Files\rico</Filter>
    </ClInclude>
    <ClInclude Include="include\regularpoly.h">
      <Filter>Header Files\rico</Filter>
    </ClInclude>
    <ClInclude Include="include\rico_cereal.h">
      <Filter>Header Files\rico</Filter>
    </ClInclude>
    <ClInclude Include="include\rico_chunk.h">
      <Filter>Header Files\rico</Filter>
    </ClInclude>
    <ClInclude Include="include\rico_collision.h">
      <Filter>Header Files\rico</Filter>
    </ClInclude>
    <ClInclude Include="include\rico_file.h">
      <Filter>Header Files\rico</Filter>
    </ClInclude>
    <ClInclude Include="include\rico_font.h">
      <Filter>Header Files\rico</Filter>
    </ClInclude>
    <ClInclude Include="include\rico_light.h">
      <Filter>Header Files\rico</Filter>
    </ClInclude>
    <ClInclude Include="include\rico_material.h">
      <Filter>Header Files\rico</Filter>
    </ClInclude>
    <ClInclude Include="include\rico_mesh.h">
      <Filter>Header Files\rico</Filter>
    </ClInclude>
    <ClInclude Include="include\rico_object.h">
      <Filter>Header Files\rico</Filter>
    </ClInclude>
    <ClInclude Include="include\rico_physics.h">
      <Filter>Header Files\rico</Filter>
    </ClInclude>
    <ClInclude Include="include\rico_pool.h">
      <Filter>Header Files\rico</Filter>
    </ClInclude>
    <ClInclude Include="include\rico_state.h">
      <Filter>Header Files\rico</Filter>
    </ClInclude>
    <ClInclude Include="include\rico_string.h">
      <Filter>Header Files\rico</Filter>
    </ClInclude>
    <ClInclude Include="include\rico_texture.h">
      <Filter>Header Files\rico</Filter>
    </ClInclude>
    <ClInclude Include="include\rico_uid.h">
      <Filter>Header Files\rico</Filter>
    </ClInclude>
    <ClInclude Include="include\shader.h">
      <Filter>Header Files\rico</Filter>
    </ClInclude>
    <ClInclude Include="include\util.h">
      <Filter>Header Files\rico</Filter>
    </ClInclude>
    <ClInclude Include="include\rico.h">
      <Filter>Header Files\rico</Filter>
    </ClInclude>
    <ClInclude Include="include\rico_hash.h">
      <Filter>Header Files</Filter>
    </ClInclude>
  </ItemGroup>
  <ItemGroup>
    <ClCompile Include="src\3rdparty\MurmurHash3.c">
      <Filter>Source Files\3rdparty</Filter>
    </ClCompile>
    <ClCompile Include="src\3rdparty\main_nuke.c">
      <Filter>Source Files\3rdparty</Filter>
    </ClCompile>
    <ClCompile Include="src\gl3w.c">
      <Filter>Source Files\3rdparty</Filter>
    </ClCompile>
    <ClCompile Include="src\3rdparty\CacheLineSize.c">
      <Filter>Source Files\3rdparty</Filter>
    </ClCompile>
    <ClCompile Include="src\notes.c">
      <Filter>_Misc</Filter>
    </ClCompile>
    <ClCompile Include="src\bbox.c">
      <Filter>Source Files\rico</Filter>
    </ClCompile>
    <ClCompile Include="src\camera.c">
      <Filter>Source Files\rico</Filter>
    </ClCompile>
    <ClCompile Include="src\const.c">
      <Filter>Source Files\rico</Filter>
    </ClCompile>
    <ClCompile Include="src\geom.c">
      <Filter>Source Files\rico</Filter>
    </ClCompile>
    <ClCompile Include="src\glref.c">
      <Filter>Source Files\rico</Filter>
    </ClCompile>
    <ClCompile Include="src\load_object.c">
      <Filter>Source Files\rico</Filter>
    </ClCompile>
    <ClCompile Include="src\main.c">
      <Filter>Source Files\rico</Filter>
    </ClCompile>
    <ClCompile Include="src\primitives.c">
      <Filter>Source Files\rico</Filter>
    </ClCompile>
    <ClCompile Include="src\program.c">
      <Filter>Source Files\rico</Filter>
    </ClCompile>
    <ClCompile Include="src\regularpoly.c">
      <Filter>Source Files\rico</Filter>
    </ClCompile>
    <ClCompile Include="src\rico.c">
      <Filter>Source Files\rico</Filter>
    </ClCompile>
    <ClCompile Include="src\rico_cereal.c">
      <Filter>Source Files\rico</Filter>
    </ClCompile>
    <ClCompile Include="src\rico_chunk.c">
      <Filter>Source Files\rico</Filter>
    </ClCompile>
    <ClCompile Include="src\rico_collision.c">
      <Filter>Source Files\rico</Filter>
    </ClCompile>
    <ClCompile Include="src\rico_file.c">
      <Filter>Source Files\rico</Filter>
    </ClCompile>
    <ClCompile Include="src\rico_font.c">
      <Filter>Source Files\rico</Filter>
    </ClCompile>
    <ClCompile Include="src\rico_material.c">
      <Filter>Source Files\rico</Filter>
    </ClCompile>
    <ClCompile Include="src\rico_mesh.c">
      <Filter>Source Files\rico</Filter>
    </ClCompile>
    <ClCompile Include="src\rico_object.c">
      <Filter>Source Files\rico</Filter>
    </ClCompile>
    <ClCompile Include="src\rico_physics.c">
      <Filter>Source Files\rico</Filter>
    </ClCompile>
    <ClCompile Include="src\rico_pool.c">
      <Filter>Source Files\rico</Filter>
    </ClCompile>
    <ClCompile Include="src\rico_state.c">
      <Filter>Source Files\rico</Filter>
    </ClCompile>
    <ClCompile Include="src\rico_string.c">
      <Filter>Source Files\rico</Filter>
    </ClCompile>
    <ClCompile Include="src\rico_texture.c">
      <Filter>Source Files\rico</Filter>
    </ClCompile>
    <ClCompile Include="src\shader.c">
      <Filter>Source Files\rico</Filter>
    </ClCompile>
    <ClCompile Include="src\util.c">
      <Filter>Source Files\rico</Filter>
    </ClCompile>
    <ClCompile Include="src\rico_hash.c">
      <Filter>Source Files</Filter>
    </ClCompile>
    <ClCompile Include="src\tests.c">
      <Filter>Source Files\rico</Filter>
    </ClCompile>
    <ClCompile Include="src\rico_hnd.c">
      <Filter>Source Files\rico</Filter>
    </ClCompile>
  </ItemGroup>
  <ItemGroup>
    <Text Include="todo.txt">
      <Filter>_Misc</Filter>
    </Text>
  </ItemGroup>
</Project>