<?xml version="1.0" encoding="utf-8"?>
<Project ToolsVersion="4.0" xmlns="http://schemas.microsoft.com/developer/msbuild/2003">
  <ItemGroup>
    <Filter Include="Source Files">
      <UniqueIdentifier>{4FC737F1-C7A5-4376-A066-2A32D752A2FF}</UniqueIdentifier>
      <Extensions>cpp;c;cc;cxx;def;odl;idl;hpj;bat;asm;asmx</Extensions>
    </Filter>
    <Filter Include="Header Files">
      <UniqueIdentifier>{93995380-89BD-4b04-88EB-625FBE52EBFB}</UniqueIdentifier>
      <Extensions>h;hh;hpp;hxx;hm;inl;inc;xsd</Extensions>
    </Filter>
    <Filter Include="Source Files\_tests">
      <UniqueIdentifier>{b2cc3731-6794-43db-9c70-146642dcd5c5}</UniqueIdentifier>
    </Filter>
    <Filter Include="Source Files\_3rdparty">
      <UniqueIdentifier>{b250aac4-9863-4fed-b7c9-c73425f2befa}</UniqueIdentifier>
    </Filter>
    <Filter Include="Source Files\loaders">
      <UniqueIdentifier>{d61028a4-af94-440f-95be-860882f0b2c7}</UniqueIdentifier>
    </Filter>
    <Filter Include="Header Files\_tests">
      <UniqueIdentifier>{70b620c8-918d-4aad-846c-0d3b67183abd}</UniqueIdentifier>
    </Filter>
    <Filter Include="Header Files\_3rdparty">
      <UniqueIdentifier>{2ecc7ef1-4f7c-487f-a0cc-e52e84a96639}</UniqueIdentifier>
    </Filter>
    <Filter Include="Header Files\loaders">
      <UniqueIdentifier>{04303170-f1ca-4844-9750-161064504140}</UniqueIdentifier>
    </Filter>
  </ItemGroup>
  <ItemGroup>
    <ClCompile Include="util.c">
      <Filter>Source Files</Filter>
    </ClCompile>
    <ClCompile Include="gl3w.c">
      <Filter>Source Files</Filter>
    </ClCompile>
    <ClCompile Include="regularpoly.c">
      <Filter>Source Files</Filter>
    </ClCompile>
    <ClCompile Include="glref.c">
      <Filter>Source Files</Filter>
    </ClCompile>
    <ClCompile Include="program.c">
      <Filter>Source Files</Filter>
    </ClCompile>
    <ClCompile Include="rico_physics.c">
      <Filter>Source Files</Filter>
    </ClCompile>
    <ClCompile Include="bbox.c">
      <Filter>Source Files</Filter>
    </ClCompile>
    <ClCompile Include="geom.c">
      <Filter>Source Files</Filter>
    </ClCompile>
    <ClCompile Include="test_geom.c">
      <Filter>Source Files\_tests</Filter>
    </ClCompile>
    <ClCompile Include="camera.c">
      <Filter>Source Files</Filter>
    </ClCompile>
    <ClCompile Include="rico_obj.c">
      <Filter>Source Files</Filter>
    </ClCompile>
    <ClCompile Include="font.c">
      <Filter>Source Files</Filter>
    </ClCompile>
    <ClCompile Include="shader.c">
      <Filter>Source Files</Filter>
    </ClCompile>
    <ClCompile Include="main.c">
      <Filter>Source Files</Filter>
    </ClCompile>
    <ClCompile Include="main_nuke.c">
      <Filter>Source Files\_3rdparty</Filter>
    </ClCompile>
    <ClCompile Include="load_object.c">
      <Filter>Source Files\loaders</Filter>
    </ClCompile>
    <ClCompile Include="rico_mesh.c">
      <Filter>Source Files</Filter>
    </ClCompile>
    <ClCompile Include="rico_uid.c">
      <Filter>Source Files</Filter>
    </ClCompile>
    <ClCompile Include="rico_texture.c">
      <Filter>Source Files</Filter>
    </ClCompile>
  </ItemGroup>
  <ItemGroup>
    <ClInclude Include="geom.h">
      <Filter>Header Files</Filter>
    </ClInclude>
    <ClInclude Include="regularpoly.h">
      <Filter>Header Files</Filter>
    </ClInclude>
    <ClInclude Include="util.h">
      <Filter>Header Files</Filter>
    </ClInclude>
    <ClInclude Include="glref.h">
      <Filter>Header Files</Filter>
    </ClInclude>
    <ClInclude Include="program.h">
      <Filter>Header Files</Filter>
    </ClInclude>
    <ClInclude Include="shader.h">
      <Filter>Header Files</Filter>
    </ClInclude>
    <ClInclude Include="const.h">
      <Filter>Header Files</Filter>
    </ClInclude>
    <ClInclude Include="rico_physics.h">
      <Filter>Header Files</Filter>
    </ClInclude>
    <ClInclude Include="bbox.h">
      <Filter>Header Files</Filter>
    </ClInclude>
    <ClInclude Include="test_geom.h">
      <Filter>Header Files\_tests</Filter>
    </ClInclude>
    <ClInclude Include="camera.h">
      <Filter>Header Files</Filter>
    </ClInclude>
    <ClInclude Include="rico_obj.h">
      <Filter>Header Files</Filter>
    </ClInclude>
    <ClInclude Include="font.h">
      <Filter>Header Files</Filter>
    </ClInclude>
    <ClInclude Include="nuklear_sdl_gl3.h">
      <Filter>Header Files\_3rdparty</Filter>
    </ClInclude>
    <ClInclude Include="nuklear.h">
      <Filter>Header Files\_3rdparty</Filter>
    </ClInclude>
    <ClInclude Include="stb_image.h">
      <Filter>Header Files\_3rdparty</Filter>
    </ClInclude>
    <ClInclude Include="load_object.h">
      <Filter>Header Files\loaders</Filter>
    </ClInclude>
    <ClInclude Include="rico_mesh.h">
      <Filter>Header Files</Filter>
    </ClInclude>
    <ClInclude Include="rico_uid.h">
      <Filter>Header Files</Filter>
    </ClInclude>
    <ClInclude Include="rico_texture.h">
      <Filter>Header Files</Filter>
    </ClInclude>
  </ItemGroup>
  <ItemGroup>
    <Natvis Include="notes.c" />
  </ItemGroup>
</Project>